PODS:
  - amwal_pay (0.0.1):
    - AmwalPayment (~> 1.1.1)
    - Flutter
  - AmwalPayment (1.1.1)
  - Flutter (1.0.0)
  - integration_test (0.0.1):
    - Flutter

DEPENDENCIES:
  - amwal_pay (from `.symlinks/plugins/amwal_pay/ios`)
  - Flutter (from `Flutter`)
  - integration_test (from `.symlinks/plugins/integration_test/ios`)

SPEC REPOS:
  trunk:
    - AmwalPayment

EXTERNAL SOURCES:
  amwal_pay:
    :path: ".symlinks/plugins/amwal_pay/ios"
  Flutter:
    :path: Flutter
  integration_test:
    :path: ".symlinks/plugins/integration_test/ios"

SPEC CHECKSUMS:
  amwal_pay: 35c633ef005513d3c957db6a203bc8a6fb7a96bf
  AmwalPayment: 16a5edeedbf9f866d92704f6e0efc9ef97005156
  Flutter: e0871f40cf51350855a761d2e70bf5af5b9b5de7
  integration_test: 13825b8a9334a850581300559b8839134b124670

PODFILE CHECKSUM: 3c8c1ccb08bcac03f1303752bf1a538fc4889d4c

COCOAPODS: 1.14.3
