PODS:
  - amwal_pay (0.0.1):
    - AmwalPayment (~> 1.0.10)
    - Flutter
  - AmwalPayment (1.0.10)
  - Flutter (1.0.0)
  - integration_test (0.0.1):
    - Flutter

DEPENDENCIES:
  - amwal_pay (from `.symlinks/plugins/amwal_pay/ios`)
  - Flutter (from `Flutter`)
  - integration_test (from `.symlinks/plugins/integration_test/ios`)

SPEC REPOS:
  trunk:
    - AmwalPayment

EXTERNAL SOURCES:
  amwal_pay:
    :path: ".symlinks/plugins/amwal_pay/ios"
  Flutter:
    :path: Flutter
  integration_test:
    :path: ".symlinks/plugins/integration_test/ios"

SPEC CHECKSUMS:
  amwal_pay: 372a48b28c56a1545e6c9362a99d522e8628bf51
  AmwalPayment: 28dfc776ac05187c22f3640f15449f1faa327c9c
  Flutter: f04841e97a9d0b0a8025694d0796dd46242b2854
  integration_test: 13825b8a9334a850581300559b8839134b124670

PODFILE CHECKSUM: 02bb5a7c4b0f2ac21fcca85eb68b4430d9d46991

COCOAPODS: 1.14.3
